
Microsoft Visual Studio Solution File, Format Version 12.00
# Visual Studio Version 17
VisualStudioVersion = 17.9.34622.214
MinimumVisualStudioVersion = 10.0.40219.1
Project("{FAE04EC0-301F-11D3-BF4B-00C04F79EFBC}") = "skrypt_1", "skrypt_1\skrypt_1.csproj", "{82D2EAA6-DA11-4288-8048-8A03BFCBE772}"
EndProject
Global
	GlobalSection(SolutionConfigurationPlatforms) = preSolution
		Debug|Any CPU = Debug|Any CPU
		Release|Any CPU = Release|Any CPU
	EndGlobalSection
	GlobalSection(ProjectConfigurationPlatforms) = postSolution
		{82D2EAA6-DA11-4288-8048-8A03BFCBE772}.Debug|Any CPU.ActiveCfg = Debug|Any CPU
		{82D2EAA6-DA11-4288-8048-8A03BFCBE772}.Debug|Any CPU.Build.0 = Debug|Any CPU
		{82D2EAA6-DA11-4288-8048-8A03BFCBE772}.Release|Any CPU.ActiveCfg = Release|Any CPU
		{82D2EAA6-DA11-4288-8048-8A03BFCBE772}.Release|Any CPU.Build.0 = Release|Any CPU
	EndGlobalSection
	GlobalSection(SolutionProperties) = preSolution
		HideSolutionNode = FALSE
	EndGlobalSection
	GlobalSection(ExtensibilityGlobals) = postSolution
		SolutionGuid = {267B15A9-3FD7-4A5D-8D4D-823A21DF1007}
	EndGlobalSection
EndGlobal
